
Microsoft Visual Studio Solution File, Format Version 12.00
# Visual Studio Version 16
VisualStudioVersion = 16.0.33130.400
MinimumVisualStudioVersion = 10.0.40219.1
Project("{F184B08F-C81C-45F6-A57F-5ABD9991F28F}") = "proj2", "proj2.vbproj", "{2A9008AD-4937-47C9-A7EF-18F300D2EB5D}"
EndProject
Global
	GlobalSection(SolutionConfigurationPlatforms) = preSolution
		Debug|Any CPU = Debug|Any CPU
		Release|Any CPU = Release|Any CPU
	EndGlobalSection
	GlobalSection(ProjectConfigurationPlatforms) = postSolution
		{2A9008AD-4937-47C9-A7EF-18F300D2EB5D}.Debug|Any CPU.ActiveCfg = Debug|Any CPU
		{2A9008AD-4937-47C9-A7EF-18F300D2EB5D}.Debug|Any CPU.Build.0 = Debug|Any CPU
		{2A9008AD-4937-47C9-A7EF-18F300D2EB5D}.Release|Any CPU.ActiveCfg = Release|Any CPU
		{2A9008AD-4937-47C9-A7EF-18F300D2EB5D}.Release|Any CPU.Build.0 = Release|Any CPU
	EndGlobalSection
	GlobalSection(SolutionProperties) = preSolution
		HideSolutionNode = FALSE
	EndGlobalSection
	GlobalSection(ExtensibilityGlobals) = postSolution
		SolutionGuid = {8456D3CA-54CB-49A3-903E-ADEFECC318F4}
	EndGlobalSection
EndGlobal
